
Microsoft Visual Studio Solution File, Format Version 12.00
# Visual Studio 15
VisualStudioVersion = 15.0.26124.0
MinimumVisualStudioVersion = 15.0.26124.0
Project("{FAE04EC0-301F-11D3-BF4B-00C04F79EFBC}") = "CliGameService", "CliGameService\CliGameService.csproj", "{8A1DD987-8FB1-4D58-8AD1-AA4CA39B4CFC}"
EndProject
Project("{2150E333-8FDC-42A3-9474-1A3956D46DE8}") = "CodeCompeteDotNet", "CodeCompeteDotNet", "{0231A1D1-349E-40B9-8D8B-82DF3144DC26}"
EndProject
Project("{FAE04EC0-301F-11D3-BF4B-00C04F79EFBC}") = "CodeCompeteDotNetSdk", "CodeCompeteDotNet\CodeCompeteDotNetSdk\CodeCompeteDotNetSdk.csproj", "{BA243549-2583-4D16-A10F-ECFCD9BBFD95}"
EndProject
Project("{FAE04EC0-301F-11D3-BF4B-00C04F79EFBC}") = "CodeCompeteDotNetSdk.Tests", "CodeCompeteDotNet\CodeCompeteDotNetSdk.Tests\CodeCompeteDotNetSdk.Tests.csproj", "{5C71B59E-58EB-4A57-8B51-A8BE7C9F6D66}"
EndProject
Project("{FAE04EC0-301F-11D3-BF4B-00C04F79EFBC}") = "DotNetPlayerHost", "CodeCompeteDotNet\DotNetPlayerHost\DotNetPlayerHost.csproj", "{7A862A1C-A2D7-433A-9542-00CB1D795D1C}"
EndProject
Project("{FAE04EC0-301F-11D3-BF4B-00C04F79EFBC}") = "ConsoleGameHost", "ConsoleGameHost\ConsoleGameHost.csproj", "{B048292F-FECA-4D3A-B0D3-8FDD38BBD434}"
EndProject
Project("{FAE04EC0-301F-11D3-BF4B-00C04F79EFBC}") = "ExeGameHost", "ExeGameHost\ExeGameHost.csproj", "{181DA4FE-4747-4C1F-92ED-2ABC8C632DB4}"
EndProject
Project("{2150E333-8FDC-42A3-9474-1A3956D46DE8}") = "TicTacToe", "TicTacToe", "{A867DE91-8CBE-4BDD-9B95-ADD15FBF8AA0}"
EndProject
Project("{FAE04EC0-301F-11D3-BF4B-00C04F79EFBC}") = "ConsoleTicTacToePlayer", "TicTacToe\ConsoleTicTacToePlayer\ConsoleTicTacToePlayer.csproj", "{F715AD02-FFC1-4AA4-91A9-6DF99946BF4A}"
EndProject
Project("{FAE04EC0-301F-11D3-BF4B-00C04F79EFBC}") = "SimpleComputerTicTacToePlayer", "TicTacToe\SimpleComputerTicTacToePlayer\SimpleComputerTicTacToePlayer.csproj", "{CD69394C-F700-4984-9E7D-6E3354C0C058}"
EndProject
Project("{FAE04EC0-301F-11D3-BF4B-00C04F79EFBC}") = "TicTacToeDotNet", "TicTacToe\TicTacToeDotNet\TicTacToeDotNet.csproj", "{AA7382EA-E3F9-4FF6-99EC-F50FE1F27A20}"
EndProject
Global
	GlobalSection(SolutionConfigurationPlatforms) = preSolution
		Debug|Any CPU = Debug|Any CPU
		Debug|x64 = Debug|x64
		Debug|x86 = Debug|x86
		Release|Any CPU = Release|Any CPU
		Release|x64 = Release|x64
		Release|x86 = Release|x86
	EndGlobalSection
	GlobalSection(SolutionProperties) = preSolution
		HideSolutionNode = FALSE
	EndGlobalSection
	GlobalSection(ProjectConfigurationPlatforms) = postSolution
		{8A1DD987-8FB1-4D58-8AD1-AA4CA39B4CFC}.Debug|Any CPU.ActiveCfg = Debug|Any CPU
		{8A1DD987-8FB1-4D58-8AD1-AA4CA39B4CFC}.Debug|Any CPU.Build.0 = Debug|Any CPU
		{8A1DD987-8FB1-4D58-8AD1-AA4CA39B4CFC}.Debug|x64.ActiveCfg = Debug|x64
		{8A1DD987-8FB1-4D58-8AD1-AA4CA39B4CFC}.Debug|x64.Build.0 = Debug|x64
		{8A1DD987-8FB1-4D58-8AD1-AA4CA39B4CFC}.Debug|x86.ActiveCfg = Debug|x86
		{8A1DD987-8FB1-4D58-8AD1-AA4CA39B4CFC}.Debug|x86.Build.0 = Debug|x86
		{8A1DD987-8FB1-4D58-8AD1-AA4CA39B4CFC}.Release|Any CPU.ActiveCfg = Release|Any CPU
		{8A1DD987-8FB1-4D58-8AD1-AA4CA39B4CFC}.Release|Any CPU.Build.0 = Release|Any CPU
		{8A1DD987-8FB1-4D58-8AD1-AA4CA39B4CFC}.Release|x64.ActiveCfg = Release|x64
		{8A1DD987-8FB1-4D58-8AD1-AA4CA39B4CFC}.Release|x64.Build.0 = Release|x64
		{8A1DD987-8FB1-4D58-8AD1-AA4CA39B4CFC}.Release|x86.ActiveCfg = Release|x86
		{8A1DD987-8FB1-4D58-8AD1-AA4CA39B4CFC}.Release|x86.Build.0 = Release|x86
		{BA243549-2583-4D16-A10F-ECFCD9BBFD95}.Debug|Any CPU.ActiveCfg = Debug|Any CPU
		{BA243549-2583-4D16-A10F-ECFCD9BBFD95}.Debug|Any CPU.Build.0 = Debug|Any CPU
		{BA243549-2583-4D16-A10F-ECFCD9BBFD95}.Debug|x64.ActiveCfg = Debug|x64
		{BA243549-2583-4D16-A10F-ECFCD9BBFD95}.Debug|x64.Build.0 = Debug|x64
		{BA243549-2583-4D16-A10F-ECFCD9BBFD95}.Debug|x86.ActiveCfg = Debug|x86
		{BA243549-2583-4D16-A10F-ECFCD9BBFD95}.Debug|x86.Build.0 = Debug|x86
		{BA243549-2583-4D16-A10F-ECFCD9BBFD95}.Release|Any CPU.ActiveCfg = Release|Any CPU
		{BA243549-2583-4D16-A10F-ECFCD9BBFD95}.Release|Any CPU.Build.0 = Release|Any CPU
		{BA243549-2583-4D16-A10F-ECFCD9BBFD95}.Release|x64.ActiveCfg = Release|x64
		{BA243549-2583-4D16-A10F-ECFCD9BBFD95}.Release|x64.Build.0 = Release|x64
		{BA243549-2583-4D16-A10F-ECFCD9BBFD95}.Release|x86.ActiveCfg = Release|x86
		{BA243549-2583-4D16-A10F-ECFCD9BBFD95}.Release|x86.Build.0 = Release|x86
		{5C71B59E-58EB-4A57-8B51-A8BE7C9F6D66}.Debug|Any CPU.ActiveCfg = Debug|Any CPU
		{5C71B59E-58EB-4A57-8B51-A8BE7C9F6D66}.Debug|Any CPU.Build.0 = Debug|Any CPU
		{5C71B59E-58EB-4A57-8B51-A8BE7C9F6D66}.Debug|x64.ActiveCfg = Debug|x64
		{5C71B59E-58EB-4A57-8B51-A8BE7C9F6D66}.Debug|x64.Build.0 = Debug|x64
		{5C71B59E-58EB-4A57-8B51-A8BE7C9F6D66}.Debug|x86.ActiveCfg = Debug|x86
		{5C71B59E-58EB-4A57-8B51-A8BE7C9F6D66}.Debug|x86.Build.0 = Debug|x86
		{5C71B59E-58EB-4A57-8B51-A8BE7C9F6D66}.Release|Any CPU.ActiveCfg = Release|Any CPU
		{5C71B59E-58EB-4A57-8B51-A8BE7C9F6D66}.Release|Any CPU.Build.0 = Release|Any CPU
		{5C71B59E-58EB-4A57-8B51-A8BE7C9F6D66}.Release|x64.ActiveCfg = Release|x64
		{5C71B59E-58EB-4A57-8B51-A8BE7C9F6D66}.Release|x64.Build.0 = Release|x64
		{5C71B59E-58EB-4A57-8B51-A8BE7C9F6D66}.Release|x86.ActiveCfg = Release|x86
		{5C71B59E-58EB-4A57-8B51-A8BE7C9F6D66}.Release|x86.Build.0 = Release|x86
		{7A862A1C-A2D7-433A-9542-00CB1D795D1C}.Debug|Any CPU.ActiveCfg = Debug|Any CPU
		{7A862A1C-A2D7-433A-9542-00CB1D795D1C}.Debug|Any CPU.Build.0 = Debug|Any CPU
		{7A862A1C-A2D7-433A-9542-00CB1D795D1C}.Debug|x64.ActiveCfg = Debug|x64
		{7A862A1C-A2D7-433A-9542-00CB1D795D1C}.Debug|x64.Build.0 = Debug|x64
		{7A862A1C-A2D7-433A-9542-00CB1D795D1C}.Debug|x86.ActiveCfg = Debug|x86
		{7A862A1C-A2D7-433A-9542-00CB1D795D1C}.Debug|x86.Build.0 = Debug|x86
		{7A862A1C-A2D7-433A-9542-00CB1D795D1C}.Release|Any CPU.ActiveCfg = Release|Any CPU
		{7A862A1C-A2D7-433A-9542-00CB1D795D1C}.Release|Any CPU.Build.0 = Release|Any CPU
		{7A862A1C-A2D7-433A-9542-00CB1D795D1C}.Release|x64.ActiveCfg = Release|x64
		{7A862A1C-A2D7-433A-9542-00CB1D795D1C}.Release|x64.Build.0 = Release|x64
		{7A862A1C-A2D7-433A-9542-00CB1D795D1C}.Release|x86.ActiveCfg = Release|x86
		{7A862A1C-A2D7-433A-9542-00CB1D795D1C}.Release|x86.Build.0 = Release|x86
		{B048292F-FECA-4D3A-B0D3-8FDD38BBD434}.Debug|Any CPU.ActiveCfg = Debug|Any CPU
		{B048292F-FECA-4D3A-B0D3-8FDD38BBD434}.Debug|Any CPU.Build.0 = Debug|Any CPU
		{B048292F-FECA-4D3A-B0D3-8FDD38BBD434}.Debug|x64.ActiveCfg = Debug|x64
		{B048292F-FECA-4D3A-B0D3-8FDD38BBD434}.Debug|x64.Build.0 = Debug|x64
		{B048292F-FECA-4D3A-B0D3-8FDD38BBD434}.Debug|x86.ActiveCfg = Debug|x86
		{B048292F-FECA-4D3A-B0D3-8FDD38BBD434}.Debug|x86.Build.0 = Debug|x86
		{B048292F-FECA-4D3A-B0D3-8FDD38BBD434}.Release|Any CPU.ActiveCfg = Release|Any CPU
		{B048292F-FECA-4D3A-B0D3-8FDD38BBD434}.Release|Any CPU.Build.0 = Release|Any CPU
		{B048292F-FECA-4D3A-B0D3-8FDD38BBD434}.Release|x64.ActiveCfg = Release|x64
		{B048292F-FECA-4D3A-B0D3-8FDD38BBD434}.Release|x64.Build.0 = Release|x64
		{B048292F-FECA-4D3A-B0D3-8FDD38BBD434}.Release|x86.ActiveCfg = Release|x86
		{B048292F-FECA-4D3A-B0D3-8FDD38BBD434}.Release|x86.Build.0 = Release|x86
		{181DA4FE-4747-4C1F-92ED-2ABC8C632DB4}.Debug|Any CPU.ActiveCfg = Debug|Any CPU
		{181DA4FE-4747-4C1F-92ED-2ABC8C632DB4}.Debug|Any CPU.Build.0 = Debug|Any CPU
		{181DA4FE-4747-4C1F-92ED-2ABC8C632DB4}.Debug|x64.ActiveCfg = Debug|x64
		{181DA4FE-4747-4C1F-92ED-2ABC8C632DB4}.Debug|x64.Build.0 = Debug|x64
		{181DA4FE-4747-4C1F-92ED-2ABC8C632DB4}.Debug|x86.ActiveCfg = Debug|x86
		{181DA4FE-4747-4C1F-92ED-2ABC8C632DB4}.Debug|x86.Build.0 = Debug|x86
		{181DA4FE-4747-4C1F-92ED-2ABC8C632DB4}.Release|Any CPU.ActiveCfg = Release|Any CPU
		{181DA4FE-4747-4C1F-92ED-2ABC8C632DB4}.Release|Any CPU.Build.0 = Release|Any CPU
		{181DA4FE-4747-4C1F-92ED-2ABC8C632DB4}.Release|x64.ActiveCfg = Release|x64
		{181DA4FE-4747-4C1F-92ED-2ABC8C632DB4}.Release|x64.Build.0 = Release|x64
		{181DA4FE-4747-4C1F-92ED-2ABC8C632DB4}.Release|x86.ActiveCfg = Release|x86
		{181DA4FE-4747-4C1F-92ED-2ABC8C632DB4}.Release|x86.Build.0 = Release|x86
		{F715AD02-FFC1-4AA4-91A9-6DF99946BF4A}.Debug|Any CPU.ActiveCfg = Debug|Any CPU
		{F715AD02-FFC1-4AA4-91A9-6DF99946BF4A}.Debug|Any CPU.Build.0 = Debug|Any CPU
		{F715AD02-FFC1-4AA4-91A9-6DF99946BF4A}.Debug|x64.ActiveCfg = Debug|x64
		{F715AD02-FFC1-4AA4-91A9-6DF99946BF4A}.Debug|x64.Build.0 = Debug|x64
		{F715AD02-FFC1-4AA4-91A9-6DF99946BF4A}.Debug|x86.ActiveCfg = Debug|x86
		{F715AD02-FFC1-4AA4-91A9-6DF99946BF4A}.Debug|x86.Build.0 = Debug|x86
		{F715AD02-FFC1-4AA4-91A9-6DF99946BF4A}.Release|Any CPU.ActiveCfg = Release|Any CPU
		{F715AD02-FFC1-4AA4-91A9-6DF99946BF4A}.Release|Any CPU.Build.0 = Release|Any CPU
		{F715AD02-FFC1-4AA4-91A9-6DF99946BF4A}.Release|x64.ActiveCfg = Release|x64
		{F715AD02-FFC1-4AA4-91A9-6DF99946BF4A}.Release|x64.Build.0 = Release|x64
		{F715AD02-FFC1-4AA4-91A9-6DF99946BF4A}.Release|x86.ActiveCfg = Release|x86
		{F715AD02-FFC1-4AA4-91A9-6DF99946BF4A}.Release|x86.Build.0 = Release|x86
		{CD69394C-F700-4984-9E7D-6E3354C0C058}.Debug|Any CPU.ActiveCfg = Debug|Any CPU
		{CD69394C-F700-4984-9E7D-6E3354C0C058}.Debug|Any CPU.Build.0 = Debug|Any CPU
		{CD69394C-F700-4984-9E7D-6E3354C0C058}.Debug|x64.ActiveCfg = Debug|x64
		{CD69394C-F700-4984-9E7D-6E3354C0C058}.Debug|x64.Build.0 = Debug|x64
		{CD69394C-F700-4984-9E7D-6E3354C0C058}.Debug|x86.ActiveCfg = Debug|x86
		{CD69394C-F700-4984-9E7D-6E3354C0C058}.Debug|x86.Build.0 = Debug|x86
		{CD69394C-F700-4984-9E7D-6E3354C0C058}.Release|Any CPU.ActiveCfg = Release|Any CPU
		{CD69394C-F700-4984-9E7D-6E3354C0C058}.Release|Any CPU.Build.0 = Release|Any CPU
		{CD69394C-F700-4984-9E7D-6E3354C0C058}.Release|x64.ActiveCfg = Release|x64
		{CD69394C-F700-4984-9E7D-6E3354C0C058}.Release|x64.Build.0 = Release|x64
		{CD69394C-F700-4984-9E7D-6E3354C0C058}.Release|x86.ActiveCfg = Release|x86
		{CD69394C-F700-4984-9E7D-6E3354C0C058}.Release|x86.Build.0 = Release|x86
		{AA7382EA-E3F9-4FF6-99EC-F50FE1F27A20}.Debug|Any CPU.ActiveCfg = Debug|Any CPU
		{AA7382EA-E3F9-4FF6-99EC-F50FE1F27A20}.Debug|Any CPU.Build.0 = Debug|Any CPU
		{AA7382EA-E3F9-4FF6-99EC-F50FE1F27A20}.Debug|x64.ActiveCfg = Debug|x64
		{AA7382EA-E3F9-4FF6-99EC-F50FE1F27A20}.Debug|x64.Build.0 = Debug|x64
		{AA7382EA-E3F9-4FF6-99EC-F50FE1F27A20}.Debug|x86.ActiveCfg = Debug|x86
		{AA7382EA-E3F9-4FF6-99EC-F50FE1F27A20}.Debug|x86.Build.0 = Debug|x86
		{AA7382EA-E3F9-4FF6-99EC-F50FE1F27A20}.Release|Any CPU.ActiveCfg = Release|Any CPU
		{AA7382EA-E3F9-4FF6-99EC-F50FE1F27A20}.Release|Any CPU.Build.0 = Release|Any CPU
		{AA7382EA-E3F9-4FF6-99EC-F50FE1F27A20}.Release|x64.ActiveCfg = Release|x64
		{AA7382EA-E3F9-4FF6-99EC-F50FE1F27A20}.Release|x64.Build.0 = Release|x64
		{AA7382EA-E3F9-4FF6-99EC-F50FE1F27A20}.Release|x86.ActiveCfg = Release|x86
		{AA7382EA-E3F9-4FF6-99EC-F50FE1F27A20}.Release|x86.Build.0 = Release|x86
	EndGlobalSection
	GlobalSection(NestedProjects) = preSolution
		{BA243549-2583-4D16-A10F-ECFCD9BBFD95} = {0231A1D1-349E-40B9-8D8B-82DF3144DC26}
		{5C71B59E-58EB-4A57-8B51-A8BE7C9F6D66} = {0231A1D1-349E-40B9-8D8B-82DF3144DC26}
		{7A862A1C-A2D7-433A-9542-00CB1D795D1C} = {0231A1D1-349E-40B9-8D8B-82DF3144DC26}
		{F715AD02-FFC1-4AA4-91A9-6DF99946BF4A} = {A867DE91-8CBE-4BDD-9B95-ADD15FBF8AA0}
		{CD69394C-F700-4984-9E7D-6E3354C0C058} = {A867DE91-8CBE-4BDD-9B95-ADD15FBF8AA0}
		{AA7382EA-E3F9-4FF6-99EC-F50FE1F27A20} = {A867DE91-8CBE-4BDD-9B95-ADD15FBF8AA0}
	EndGlobalSection
EndGlobal
